// !$*UTF8*$!
{
	archiveVersion = 1;
	classes = {
	};
	objectVersion = 50;
	objects = {

/* Begin PBXBuildFile section */
		C6EE9C8A24FE3FC6009DE2EB /* AppDelegate.swift in Sources */ = {isa = PBXBuildFile; fileRef = C6EE9C8924FE3FC6009DE2EB /* AppDelegate.swift */; };
		C6EE9C8C24FE3FC6009DE2EB /* SceneDelegate.swift in Sources */ = {isa = PBXBuildFile; fileRef = C6EE9C8B24FE3FC6009DE2EB /* SceneDelegate.swift */; };
		C6EE9C8E24FE3FC6009DE2EB /* ViewController.swift in Sources */ = {isa = PBXBuildFile; fileRef = C6EE9C8D24FE3FC6009DE2EB /* ViewController.swift */; };
		C6EE9C9124FE3FC6009DE2EB /* Main.storyboard in Resources */ = {isa = PBXBuildFile; fileRef = C6EE9C8F24FE3FC6009DE2EB /* Main.storyboard */; };
		C6EE9C9324FE3FC8009DE2EB /* Assets.xcassets in Resources */ = {isa = PBXBuildFile; fileRef = C6EE9C9224FE3FC8009DE2EB /* Assets.xcassets */; };
		C6EE9C9624FE3FC8009DE2EB /* LaunchScreen.storyboard in Resources */ = {isa = PBXBuildFile; fileRef = C6EE9C9424FE3FC8009DE2EB /* LaunchScreen.storyboard */; };
		C6EE9C9E24FE4027009DE2EB /* LeedCode.swift in Sources */ = {isa = PBXBuildFile; fileRef = C6EE9C9D24FE4027009DE2EB /* LeedCode.swift */; };
/* End PBXBuildFile section */

/* Begin PBXFileReference section */
		C6EE9C8624FE3FC6009DE2EB /* LeedCode.app */ = {isa = PBXFileReference; explicitFileType = wrapper.application; includeInIndex = 0; path = LeedCode.app; sourceTree = BUILT_PRODUCTS_DIR; };
		C6EE9C8924FE3FC6009DE2EB /* AppDelegate.swift */ = {isa = PBXFileReference; lastKnownFileType = sourcecode.swift; path = AppDelegate.swift; sourceTree = "<group>"; };
		C6EE9C8B24FE3FC6009DE2EB /* SceneDelegate.swift */ = {isa = PBXFileReference; lastKnownFileType = sourcecode.swift; path = SceneDelegate.swift; sourceTree = "<group>"; };
		C6EE9C8D24FE3FC6009DE2EB /* ViewController.swift */ = {isa = PBXFileReference; lastKnownFileType = sourcecode.swift; path = ViewController.swift; sourceTree = "<group>"; };
		C6EE9C9024FE3FC6009DE2EB /* Base */ = {isa = PBXFileReference; lastKnownFileType = file.storyboard; name = Base; path = Base.lproj/Main.storyboard; sourceTree = "<group>"; };
		C6EE9C9224FE3FC8009DE2EB /* Assets.xcassets */ = {isa = PBXFileReference; lastKnownFileType = folder.assetcatalog; path = Assets.xcassets; sourceTree = "<group>"; };
		C6EE9C9524FE3FC8009DE2EB /* Base */ = {isa = PBXFileReference; lastKnownFileType = file.storyboard; name = Base; path = Base.lproj/LaunchScreen.storyboard; sourceTree = "<group>"; };
		C6EE9C9724FE3FC8009DE2EB /* Info.plist */ = {isa = PBXFileReference; lastKnownFileType = text.plist.xml; path = Info.plist; sourceTree = "<group>"; };
		C6EE9C9D24FE4027009DE2EB /* LeedCode.swift */ = {isa = PBXFileReference; lastKnownFileType = sourcecode.swift; path = LeedCode.swift; sourceTree = "<group>"; };
/* End PBXFileReference section */

/* Begin PBXFrameworksBuildPhase section */
		C6EE9C8324FE3FC6009DE2EB /* Frameworks */ = {
			isa = PBXFrameworksBuildPhase;
			buildActionMask = 2147483647;
			files = (
			);
			runOnlyForDeploymentPostprocessing = 0;
		};
/* End PBXFrameworksBuildPhase section */

/* Begin PBXGroup section */
		C6EE9C7D24FE3FC6009DE2EB = {
			isa = PBXGroup;
			children = (
				C6EE9C8824FE3FC6009DE2EB /* LeedCode */,
				C6EE9C8724FE3FC6009DE2EB /* Products */,
			);
			sourceTree = "<group>";
		};
		C6EE9C8724FE3FC6009DE2EB /* Products */ = {
			isa = PBXGroup;
			children = (
				C6EE9C8624FE3FC6009DE2EB /* LeedCode.app */,
			);
			name = Products;
			sourceTree = "<group>";
		};
		C6EE9C8824FE3FC6009DE2EB /* LeedCode */ = {
			isa = PBXGroup;
			children = (
				C6EE9C8924FE3FC6009DE2EB /* AppDelegate.swift */,
				C6EE9C8B24FE3FC6009DE2EB /* SceneDelegate.swift */,
				C6EE9C8D24FE3FC6009DE2EB /* ViewController.swift */,
				C6EE9C8F24FE3FC6009DE2EB /* Main.storyboard */,
				C6EE9C9224FE3FC8009DE2EB /* Assets.xcassets */,
				C6EE9C9424FE3FC8009DE2EB /* LaunchScreen.storyboard */,
				C6EE9C9724FE3FC8009DE2EB /* Info.plist */,
				C6EE9C9D24FE4027009DE2EB /* LeedCode.swift */,
			);
			path = LeedCode;
			sourceTree = "<group>";
		};
/* End PBXGroup section */

/* Begin PBXNativeTarget section */
		C6EE9C8524FE3FC6009DE2EB /* LeedCode */ = {
			isa = PBXNativeTarget;
			buildConfigurationList = C6EE9C9A24FE3FC8009DE2EB /* Build configuration list for PBXNativeTarget "LeedCode" */;
			buildPhases = (
				C6EE9C8224FE3FC6009DE2EB /* Sources */,
				C6EE9C8324FE3FC6009DE2EB /* Frameworks */,
				C6EE9C8424FE3FC6009DE2EB /* Resources */,
			);
			buildRules = (
			);
			dependencies = (
			);
			name = LeedCode;
			productName = LeedCode;
			productReference = C6EE9C8624FE3FC6009DE2EB /* LeedCode.app */;
			productType = "com.apple.product-type.application";
		};
/* End PBXNativeTarget section */

/* Begin PBXProject section */
		C6EE9C7E24FE3FC6009DE2EB /* Project object */ = {
			isa = PBXProject;
			attributes = {
				LastSwiftUpdateCheck = 1130;
				LastUpgradeCheck = 1130;
				ORGANIZATIONNAME = "李臣臣";
				TargetAttributes = {
					C6EE9C8524FE3FC6009DE2EB = {
						CreatedOnToolsVersion = 11.3;
					};
				};
			};
			buildConfigurationList = C6EE9C8124FE3FC6009DE2EB /* Build configuration list for PBXProject "LeedCode" */;
			compatibilityVersion = "Xcode 9.3";
			developmentRegion = en;
			hasScannedForEncodings = 0;
			knownRegions = (
				en,
				Base,
			);
			mainGroup = C6EE9C7D24FE3FC6009DE2EB;
			productRefGroup = C6EE9C8724FE3FC6009DE2EB /* Products */;
			projectDirPath = "";
			projectRoot = "";
			targets = (
				C6EE9C8524FE3FC6009DE2EB /* LeedCode */,
			);
		};
/* End PBXProject section */

/* Begin PBXResourcesBuildPhase section */
		C6EE9C8424FE3FC6009DE2EB /* Resources */ = {
			isa = PBXResourcesBuildPhase;
			buildActionMask = 2147483647;
			files = (
				C6EE9C9624FE3FC8009DE2EB /* LaunchScreen.storyboard in Resources */,
				C6EE9C9324FE3FC8009DE2EB /* Assets.xcassets in Resources */,
				C6EE9C9124FE3FC6009DE2EB /* Main.storyboard in Resources */,
			);
			runOnlyForDeploymentPostprocessing = 0;
		};
/* End PBXResourcesBuildPhase section */

/* Begin PBXSourcesBuildPhase section */
		C6EE9C8224FE3FC6009DE2EB /* Sources */ = {
			isa = PBXSourcesBuildPhase;
			buildActionMask = 2147483647;
			files = (
				C6EE9C8E24FE3FC6009DE2EB /* ViewController.swift in Sources */,
				C6EE9C8A24FE3FC6009DE2EB /* AppDelegate.swift in Sources */,
				C6EE9C9E24FE4027009DE2EB /* LeedCode.swift in Sources */,
				C6EE9C8C24FE3FC6009DE2EB /* SceneDelegate.swift in Sources */,
			);
			runOnlyForDeploymentPostprocessing = 0;
		};
/* End PBXSourcesBuildPhase section */

/* Begin PBXVariantGroup section */
		C6EE9C8F24FE3FC6009DE2EB /* Main.storyboard */ = {
			isa = PBXVariantGroup;
			children = (
				C6EE9C9024FE3FC6009DE2EB /* Base */,
			);
			name = Main.storyboard;
			sourceTree = "<group>";
		};
		C6EE9C9424FE3FC8009DE2EB /* LaunchScreen.storyboard */ = {
			isa = PBXVariantGroup;
			children = (
				C6EE9C9524FE3FC8009DE2EB /* Base */,
			);
			name = LaunchScreen.storyboard;
			sourceTree = "<group>";
		};
/* End PBXVariantGroup section */

/* Begin XCBuildConfiguration section */
		C6EE9C9824FE3FC8009DE2EB /* Debug */ = {
			isa = XCBuildConfiguration;
			buildSettings = {
				ALWAYS_SEARCH_USER_PATHS = NO;
				CLANG_ANALYZER_NONNULL = YES;
				CLANG_ANALYZER_NUMBER_OBJECT_CONVERSION = YES_AGGRESSIVE;
				CLANG_CXX_LANGUAGE_STANDARD = "gnu++14";
				CLANG_CXX_LIBRARY = "libc++";
				CLANG_ENABLE_MODULES = YES;
				CLANG_ENABLE_OBJC_ARC = YES;
				CLANG_ENABLE_OBJC_WEAK = YES;
				CLANG_WARN_BLOCK_CAPTURE_AUTORELEASING = YES;
				CLANG_WARN_BOOL_CONVERSION = YES;
				CLANG_WARN_COMMA = YES;
				CLANG_WARN_CONSTANT_CONVERSION = YES;
				CLANG_WARN_DEPRECATED_OBJC_IMPLEMENTATIONS = YES;
				CLANG_WARN_DIRECT_OBJC_ISA_USAGE = YES_ERROR;
				CLANG_WARN_DOCUMENTATION_COMMENTS = YES;
				CLANG_WARN_EMPTY_BODY = YES;
				CLANG_WARN_ENUM_CONVERSION = YES;
				CLANG_WARN_INFINITE_RECURSION = YES;
				CLANG_WARN_INT_CONVERSION = YES;
				CLANG_WARN_NON_LITERAL_NULL_CONVERSION = YES;
				CLANG_WARN_OBJC_IMPLICIT_RETAIN_SELF = YES;
				CLANG_WARN_OBJC_LITERAL_CONVERSION = YES;
				CLANG_WARN_OBJC_ROOT_CLASS = YES_ERROR;
				CLANG_WARN_RANGE_LOOP_ANALYSIS = YES;
				CLANG_WARN_STRICT_PROTOTYPES = YES;
				CLANG_WARN_SUSPICIOUS_MOVE = YES;
				CLANG_WARN_UNGUARDED_AVAILABILITY = YES_AGGRESSIVE;
				CLANG_WARN_UNREACHABLE_CODE = YES;
				CLANG_WARN__DUPLICATE_METHOD_MATCH = YES;
				COPY_PHASE_STRIP = NO;
				DEBUG_INFORMATION_FORMAT = dwarf;
				ENABLE_STRICT_OBJC_MSGSEND = YES;
				ENABLE_TESTABILITY = YES;
				GCC_C_LANGUAGE_STANDARD = gnu11;
				GCC_DYNAMIC_NO_PIC = NO;
				GCC_NO_COMMON_BLOCKS = YES;
				GCC_OPTIMIZATION_LEVEL = 0;
				GCC_PREPROCESSOR_DEFINITIONS = (
					"DEBUG=1",
					"$(inherited)",
				);
				GCC_WARN_64_TO_32_BIT_CONVERSION = YES;
				GCC_WARN_ABOUT_RETURN_TYPE = YES_ERROR;
				GCC_WARN_UNDECLARED_SELECTOR = YES;
				GCC_WARN_UNINITIALIZED_AUTOS = YES_AGGRESSIVE;
				GCC_WARN_UNUSED_FUNCTION = YES;
				GCC_WARN_UNUSED_VARIABLE = YES;
				IPHONEOS_DEPLOYMENT_TARGET = 13.2;
				MTL_ENABLE_DEBUG_INFO = INCLUDE_SOURCE;
				MTL_FAST_MATH = YES;
				ONLY_ACTIVE_ARCH = YES;
				SDKROOT = iphoneos;
				SWIFT_ACTIVE_COMPILATION_CONDITIONS = DEBUG;
				SWIFT_OPTIMIZATION_LEVEL = "-Onone";
			};
			name = Debug;
		};
		C6EE9C9924FE3FC8009DE2EB /* Release */ = {
			isa = XCBuildConfiguration;
			buildSettings = {
				ALWAYS_SEARCH_USER_PATHS = NO;
				CLANG_ANALYZER_NONNULL = YES;
				CLANG_ANALYZER_NUMBER_OBJECT_CONVERSION = YES_AGGRESSIVE;
				CLANG_CXX_LANGUAGE_STANDARD = "gnu++14";
				CLANG_CXX_LIBRARY = "libc++";
				CLANG_ENABLE_MODULES = YES;
				CLANG_ENABLE_OBJC_ARC = YES;
				CLANG_ENABLE_OBJC_WEAK = YES;
				CLANG_WARN_BLOCK_CAPTURE_AUTORELEASING = YES;
				CLANG_WARN_BOOL_CONVERSION = YES;
				CLANG_WARN_COMMA = YES;
				CLANG_WARN_CONSTANT_CONVERSION = YES;
				CLANG_WARN_DEPRECATED_OBJC_IMPLEMENTATIONS = YES;
				CLANG_WARN_DIRECT_OBJC_ISA_USAGE = YES_ERROR;
				CLANG_WARN_DOCUMENTATION_COMMENTS = YES;
				CLANG_WARN_EMPTY_BODY = YES;
				CLANG_WARN_ENUM_CONVERSION = YES;
				CLANG_WARN_INFINITE_RECURSION = YES;
				CLANG_WARN_INT_CONVERSION = YES;
				CLANG_WARN_NON_LITERAL_NULL_CONVERSION = YES;
				CLANG_WARN_OBJC_IMPLICIT_RETAIN_SELF = YES;
				CLANG_WARN_OBJC_LITERAL_CONVERSION = YES;
				CLANG_WARN_OBJC_ROOT_CLASS = YES_ERROR;
				CLANG_WARN_RANGE_LOOP_ANALYSIS = YES;
				CLANG_WARN_STRICT_PROTOTYPES = YES;
				CLANG_WARN_SUSPICIOUS_MOVE = YES;
				CLANG_WARN_UNGUARDED_AVAILABILITY = YES_AGGRESSIVE;
				CLANG_WARN_UNREACHABLE_CODE = YES;
				CLANG_WARN__DUPLICATE_METHOD_MATCH = YES;
				COPY_PHASE_STRIP = NO;
				DEBUG_INFORMATION_FORMAT = "dwarf-with-dsym";
				ENABLE_NS_ASSERTIONS = NO;
				ENABLE_STRICT_OBJC_MSGSEND = YES;
				GCC_C_LANGUAGE_STANDARD = gnu11;
				GCC_NO_COMMON_BLOCKS = YES;
				GCC_WARN_64_TO_32_BIT_CONVERSION = YES;
				GCC_WARN_ABOUT_RETURN_TYPE = YES_ERROR;
				GCC_WARN_UNDECLARED_SELECTOR = YES;
				GCC_WARN_UNINITIALIZED_AUTOS = YES_AGGRESSIVE;
				GCC_WARN_UNUSED_FUNCTION = YES;
				GCC_WARN_UNUSED_VARIABLE = YES;
				IPHONEOS_DEPLOYMENT_TARGET = 13.2;
				MTL_ENABLE_DEBUG_INFO = NO;
				MTL_FAST_MATH = YES;
				SDKROOT = iphoneos;
				SWIFT_COMPILATION_MODE = wholemodule;
				SWIFT_OPTIMIZATION_LEVEL = "-O";
				VALIDATE_PRODUCT = YES;
			};
			name = Release;
		};
		C6EE9C9B24FE3FC8009DE2EB /* Debug */ = {
			isa = XCBuildConfiguration;
			buildSettings = {
				ASSETCATALOG_COMPILER_APPICON_NAME = AppIcon;
				CODE_SIGN_STYLE = Automatic;
				DEVELOPMENT_TEAM = 95P5BWF687;
				INFOPLIST_FILE = LeedCode/Info.plist;
				LD_RUNPATH_SEARCH_PATHS = (
					"$(inherited)",
					"@executable_path/Frameworks",
				);
				PRODUCT_BUNDLE_IDENTIFIER = lcc.learnCode.LeedCode;
				PRODUCT_NAME = "$(TARGET_NAME)";
				SWIFT_VERSION = 5.0;
				TARGETED_DEVICE_FAMILY = "1,2";
			};
			name = Debug;
		};
		C6EE9C9C24FE3FC8009DE2EB /* Release */ = {
			isa = XCBuildConfiguration;
			buildSettings = {
				ASSETCATALOG_COMPILER_APPICON_NAME = AppIcon;
				CODE_SIGN_STYLE = Automatic;
				DEVELOPMENT_TEAM = 95P5BWF687;
				INFOPLIST_FILE = LeedCode/Info.plist;
				LD_RUNPATH_SEARCH_PATHS = (
					"$(inherited)",
					"@executable_path/Frameworks",
				);
				PRODUCT_BUNDLE_IDENTIFIER = lcc.learnCode.LeedCode;
				PRODUCT_NAME = "$(TARGET_NAME)";
				SWIFT_VERSION = 5.0;
				TARGETED_DEVICE_FAMILY = "1,2";
			};
			name = Release;
		};
/* End XCBuildConfiguration section */

/* Begin XCConfigurationList section */
		C6EE9C8124FE3FC6009DE2EB /* Build configuration list for PBXProject "LeedCode" */ = {
			isa = XCConfigurationList;
			buildConfigurations = (
				C6EE9C9824FE3FC8009DE2EB /* Debug */,
				C6EE9C9924FE3FC8009DE2EB /* Release */,
			);
			defaultConfigurationIsVisible = 0;
			defaultConfigurationName = Release;
		};
		C6EE9C9A24FE3FC8009DE2EB /* Build configuration list for PBXNativeTarget "LeedCode" */ = {
			isa = XCConfigurationList;
			buildConfigurations = (
				C6EE9C9B24FE3FC8009DE2EB /* Debug */,
				C6EE9C9C24FE3FC8009DE2EB /* Release */,
			);
			defaultConfigurationIsVisible = 0;
			defaultConfigurationName = Release;
		};
/* End XCConfigurationList section */
	};
	rootObject = C6EE9C7E24FE3FC6009DE2EB /* Project object */;
}
